
Microsoft Visual Studio Solution File, Format Version 12.00
# Visual Studio 15
VisualStudioVersion = 15.0.28307.539
MinimumVisualStudioVersion = 10.0.40219.1
Project("{FAE04EC0-301F-11D3-BF4B-00C04F79EFBC}") = "Labs_01", "Labs_01\Labs_01.csproj", "{8F69A645-C65D-4CC8-A35D-D4F29DB6C024}"
EndProject
Project("{FAE04EC0-301F-11D3-BF4B-00C04F79EFBC}") = "Labs_02_fizzbuzz", "Lab_02_fizzbuzz\Labs_02_fizzbuzz.csproj", "{0C23B3D3-F79C-41DD-AA7F-5A6139B4833B}"
EndProject
Project("{FAE04EC0-301F-11D3-BF4B-00C04F79EFBC}") = "Labs_03_loops", "Labs_03_loops\Labs_03_loops.csproj", "{165D477B-88DB-4B4E-A344-2BB75CF3266F}"
EndProject
Project("{FAE04EC0-301F-11D3-BF4B-00C04F79EFBC}") = "Labs_04", "Labs04\Labs_04.csproj", "{DE8D9B5D-1297-40E9-AB4B-F135E37ECCBD}"
EndProject
Project("{FAE04EC0-301F-11D3-BF4B-00C04F79EFBC}") = "Labs_05_usedll", "Labs05_usedll\Labs_05_usedll.csproj", "{084780B2-5B0C-42A4-9948-A902DFEAC8D8}"
EndProject
Project("{FAE04EC0-301F-11D3-BF4B-00C04F79EFBC}") = "Labs_06", "ConsoleApp1\Labs_06.csproj", "{F6A6D10A-C301-4F9E-82CA-6082CB2B0093}"
EndProject
Project("{FAE04EC0-301F-11D3-BF4B-00C04F79EFBC}") = "Labs_05", "Labs_05\Labs_05.csproj", "{F34016D8-6EC2-461E-99DA-8E2EC04C6AAE}"
EndProject
Project("{FAE04EC0-301F-11D3-BF4B-00C04F79EFBC}") = "Labs_08", "Labs_08\Labs_08.csproj", "{8CED9E13-A81B-49BD-B4EA-FF5DF27E1176}"
EndProject
Project("{FAE04EC0-301F-11D3-BF4B-00C04F79EFBC}") = "Lab_14_WPF", "Lab_14_WPF\Lab_14_WPF.csproj", "{9689BA65-730F-4044-9B75-7C982E7DE899}"
EndProject
Project("{9A19103F-16F7-4668-BE54-9A1E7A4F7556}") = "Labs_game", "Labs_game\Labs_game.csproj", "{376EE885-0676-4546-970F-B4C7BC0A5721}"
EndProject
Project("{9A19103F-16F7-4668-BE54-9A1E7A4F7556}") = "Labs_trycatch", "Labs_trycatch\Labs_trycatch.csproj", "{40A41959-40E0-45A5-9699-033F716EA2B6}"
EndProject
Project("{9A19103F-16F7-4668-BE54-9A1E7A4F7556}") = "Labs_oop", "Labs_oop\Labs_oop.csproj", "{1F490116-245F-4AA2-AD2D-E9B497DF6343}"
EndProject
Project("{9A19103F-16F7-4668-BE54-9A1E7A4F7556}") = "Labs_list", "Labs_list\Labs_list.csproj", "{BDCDFE90-5631-47D4-A4D4-6EA0010BC46D}"
EndProject
Project("{9A19103F-16F7-4668-BE54-9A1E7A4F7556}") = "Labs_queue", "Labs_queue\Labs_queue.csproj", "{89CCC724-45D3-4FCF-A508-621EC5E89804}"
EndProject
Project("{9A19103F-16F7-4668-BE54-9A1E7A4F7556}") = "Labs_classprop", "Labs_classprop\Labs_classprop.csproj", "{6FC9DA43-CD5B-4F02-B9F0-244A9B8ECE15}"
EndProject
Project("{9A19103F-16F7-4668-BE54-9A1E7A4F7556}") = "Labs_methods", "Labs_methods\Labs_methods.csproj", "{52C651CE-D26B-47B0-865A-49AD1A07B568}"
EndProject
Project("{9A19103F-16F7-4668-BE54-9A1E7A4F7556}") = "Labs_optionalparams", "Labs_optionalparams\Labs_optionalparams.csproj", "{22A89387-29C6-42F8-B936-EB057E805378}"
EndProject
Project("{9A19103F-16F7-4668-BE54-9A1E7A4F7556}") = "Labs_constructors", "Labs_constructors\Labs_constructors.csproj", "{4D523175-1163-4562-B63E-AD905971C477}"
EndProject
Project("{9A19103F-16F7-4668-BE54-9A1E7A4F7556}") = "Labs_object", "Labs_object\Labs_object.csproj", "{697500D6-8BE7-4D37-A6D5-FAEC2E2369A0}"
EndProject
Project("{FAE04EC0-301F-11D3-BF4B-00C04F79EFBC}") = "Labs_agetest", "labs_test_01\Labs_agetest.csproj", "{EE58FBBC-E4E7-4AA1-9D24-8BC52525F753}"
EndProject
Project("{FAE04EC0-301F-11D3-BF4B-00C04F79EFBC}") = "Labs_test_01_tests", "lab_test_01_tests\Labs_test_01_tests.csproj", "{F952E489-7D2D-4A73-A022-4BCCCED8616C}"
EndProject
Project("{9A19103F-16F7-4668-BE54-9A1E7A4F7556}") = "Labs_list_hw", "Labs_abstract\Labs_list_hw.csproj", "{5ADC9C5E-B6A9-41AF-9B48-797E419D4A41}"
EndProject
Project("{9A19103F-16F7-4668-BE54-9A1E7A4F7556}") = "List_methods_hw", "List_methods_hw\List_methods_hw.csproj", "{3EA161E6-2AA6-4C0E-AB80-D6FE10FCD084}"
EndProject
Project("{9A19103F-16F7-4668-BE54-9A1E7A4F7556}") = "Labs_classes_hw", "Labs_classes_hw\Labs_classes_hw.csproj", "{A50222C7-10C6-4EE6-A8F6-50A02AF686DC}"
EndProject
Project("{9A19103F-16F7-4668-BE54-9A1E7A4F7556}") = "Labs_stackqueue_hw", "Labs_stackqueue_hw\Labs_stackqueue_hw.csproj", "{3D438330-D0F0-4BF9-923D-75998087F7DA}"
EndProject
Project("{9A19103F-16F7-4668-BE54-9A1E7A4F7556}") = "Labs_constructor", "Labs_constructor\Labs_constructor.csproj", "{56A50396-5621-47C1-B9B5-098736DE1A54}"
EndProject
Project("{FAE04EC0-301F-11D3-BF4B-00C04F79EFBC}") = "Labs_Entity", "Labs_Entity\Labs_Entity.csproj", "{CAFB060B-4D8D-41D5-865A-C60F3DB4F4F7}"
EndProject
Project("{FAE04EC0-301F-11D3-BF4B-00C04F79EFBC}") = "Labs_Entity2", "Labs_Entity2\Labs_Entity2.csproj", "{C58EE35A-A029-4495-B69B-B8C5B77E89CE}"
EndProject
Project("{FAE04EC0-301F-11D3-BF4B-00C04F79EFBC}") = "Labs_fileop", "Labs_fileop\Labs_fileop.csproj", "{1187B792-845E-4BDC-8A43-9A3EB0855E17}"
EndProject
Project("{FAE04EC0-301F-11D3-BF4B-00C04F79EFBC}") = "Labs_Entity3", "Labs_Entity3\Labs_Entity3.csproj", "{23F35CB5-1220-4548-8E3B-6FA27E2A987B}"
EndProject
Project("{FAE04EC0-301F-11D3-BF4B-00C04F79EFBC}") = "Labs_listbox", "Labs_listbox\Labs_listbox.csproj", "{D2E8167A-6BA4-4630-B56D-8ADFA6C6FFD1}"
EndProject
Project("{FAE04EC0-301F-11D3-BF4B-00C04F79EFBC}") = "Labs_hw_01", "Labs_hw_01\Labs_hw_01.csproj", "{F79E0774-8946-4F04-8025-8C49195C6405}"
EndProject
Project("{9A19103F-16F7-4668-BE54-9A1E7A4F7556}") = "Labs_Parameters", "Labs_Parameters\Labs_Parameters.csproj", "{9596A3FD-5455-4247-9BB8-F196D5B4827B}"
EndProject
Project("{9A19103F-16F7-4668-BE54-9A1E7A4F7556}") = "test_hw_01", "test_hw_01\test_hw_01.csproj", "{43B44D98-6F31-45AD-844E-FAFD015B1E00}"
EndProject
Project("{FAE04EC0-301F-11D3-BF4B-00C04F79EFBC}") = "Labs_minesweeper", "Labs_minesweeper\Labs_minesweeper.csproj", "{94CF4B15-8C2F-440E-AAC4-5C29D1251196}"
EndProject
Project("{9A19103F-16F7-4668-BE54-9A1E7A4F7556}") = "Labs_events", "Labs_events\Labs_events.csproj", "{A87660E5-CC40-456D-B580-A09FB67AF111}"
EndProject
Project("{9A19103F-16F7-4668-BE54-9A1E7A4F7556}") = "Labs_hw_Classes", "Labs_hw_Classes\Labs_hw_Classes.csproj", "{7A81550E-E5C2-42DE-994D-21CB45372590}"
EndProject
Project("{9A19103F-16F7-4668-BE54-9A1E7A4F7556}") = "Labs_hw_Stopwatch", "Labs_hw_Stopwatch\Labs_hw_Stopwatch.csproj", "{3797ADD0-8365-4852-B25F-F176AC953213}"
EndProject
Project("{9A19103F-16F7-4668-BE54-9A1E7A4F7556}") = "Labs_hw_Polymorphism", "Labs_hw_Polymorphism\Labs_hw_Polymorphism.csproj", "{2C5850A4-45CB-4BFE-996B-C6FB113337E1}"
EndProject
Project("{00D1A9C2-B5F0-4AF3-8072-F6C62B433612}") = "Timesheet", "Timesheet\Timesheet.sqlproj", "{991B72F6-F40C-41B7-85B5-E8D90914733B}"
EndProject
Project("{FAE04EC0-301F-11D3-BF4B-00C04F79EFBC}") = "sometests", "sometests\sometests.csproj", "{6712ACD9-C1F4-476A-BF80-6C2FE3335D87}"
EndProject
Project("{FAE04EC0-301F-11D3-BF4B-00C04F79EFBC}") = "Lsb_asp_dotnet", "Lsb_asp_dotnet\Lsb_asp_dotnet.csproj", "{9A261AC0-43BA-4129-8F6D-91DFDA37FD4D}"
EndProject
Project("{FAE04EC0-301F-11D3-BF4B-00C04F79EFBC}") = "Lab_raw_sql", "Lab_raw_sql\Lab_raw_sql.csproj", "{4DF89CDD-E5B8-459D-88CC-91F1D6106E81}"
EndProject
Project("{FAE04EC0-301F-11D3-BF4B-00C04F79EFBC}") = "Labs_nunit_sqltestbase", "Labs_nunit_sqltestbase\Labs_nunit_sqltestbase.csproj", "{E9A2E527-6ECF-486F-8637-7F5FD0BF4C12}"
EndProject
Project("{FAE04EC0-301F-11D3-BF4B-00C04F79EFBC}") = "Labs_enum", "Labs_enum\Labs_enum.csproj", "{A60865F7-5E7E-41BD-830B-E7B698B2A9E3}"
EndProject
Project("{FAE04EC0-301F-11D3-BF4B-00C04F79EFBC}") = "Labs_razorpage", "Labs_razorpage\Labs_razorpage.csproj", "{008CF621-1ED2-4A94-8FEF-B5FDCA0D9E65}"
EndProject
Project("{FAE04EC0-301F-11D3-BF4B-00C04F79EFBC}") = "Labs_api", "Labs_api\Labs_api.csproj", "{AF52F98C-A297-478C-92A2-C2FF2F3C8F77}"
EndProject
Project("{FAE04EC0-301F-11D3-BF4B-00C04F79EFBC}") = "Labs_rabbits", "Labs_rabbits\Labs_rabbits.csproj", "{FC7E9D44-02E8-44DA-81ED-3D022554CCF0}"
EndProject
Project("{FAE04EC0-301F-11D3-BF4B-00C04F79EFBC}") = "Labs_RabbitsWPF", "Labs_RabbitsWPF\Labs_RabbitsWPF.csproj", "{4509813D-2F8E-47C1-9E13-AFF2AD8E1F59}"
EndProject
Project("{FAE04EC0-301F-11D3-BF4B-00C04F79EFBC}") = "Labs_rabbitsapi", "Labs_rabbitsapi\Labs_rabbitsapi.csproj", "{B59F18FA-AE34-4619-8FD8-E690656DEEEC}"
EndProject
Project("{FAE04EC0-301F-11D3-BF4B-00C04F79EFBC}") = "Homework_104_WPFNorthwindEntityProject", "Homework_104_WPFNorthwindEntityProject\Homework_104_WPFNorthwindEntityProject.csproj", "{46299C7D-F57D-4E8B-B7DE-141148958270}"
EndProject
Global
	GlobalSection(SolutionConfigurationPlatforms) = preSolution
		Debug|Any CPU = Debug|Any CPU
		Release|Any CPU = Release|Any CPU
	EndGlobalSection
	GlobalSection(ProjectConfigurationPlatforms) = postSolution
		{8F69A645-C65D-4CC8-A35D-D4F29DB6C024}.Debug|Any CPU.ActiveCfg = Debug|Any CPU
		{8F69A645-C65D-4CC8-A35D-D4F29DB6C024}.Debug|Any CPU.Build.0 = Debug|Any CPU
		{8F69A645-C65D-4CC8-A35D-D4F29DB6C024}.Release|Any CPU.ActiveCfg = Release|Any CPU
		{8F69A645-C65D-4CC8-A35D-D4F29DB6C024}.Release|Any CPU.Build.0 = Release|Any CPU
		{0C23B3D3-F79C-41DD-AA7F-5A6139B4833B}.Debug|Any CPU.ActiveCfg = Debug|Any CPU
		{0C23B3D3-F79C-41DD-AA7F-5A6139B4833B}.Debug|Any CPU.Build.0 = Debug|Any CPU
		{0C23B3D3-F79C-41DD-AA7F-5A6139B4833B}.Release|Any CPU.ActiveCfg = Release|Any CPU
		{0C23B3D3-F79C-41DD-AA7F-5A6139B4833B}.Release|Any CPU.Build.0 = Release|Any CPU
		{165D477B-88DB-4B4E-A344-2BB75CF3266F}.Debug|Any CPU.ActiveCfg = Debug|Any CPU
		{165D477B-88DB-4B4E-A344-2BB75CF3266F}.Debug|Any CPU.Build.0 = Debug|Any CPU
		{165D477B-88DB-4B4E-A344-2BB75CF3266F}.Release|Any CPU.ActiveCfg = Release|Any CPU
		{165D477B-88DB-4B4E-A344-2BB75CF3266F}.Release|Any CPU.Build.0 = Release|Any CPU
		{DE8D9B5D-1297-40E9-AB4B-F135E37ECCBD}.Debug|Any CPU.ActiveCfg = Debug|Any CPU
		{DE8D9B5D-1297-40E9-AB4B-F135E37ECCBD}.Debug|Any CPU.Build.0 = Debug|Any CPU
		{DE8D9B5D-1297-40E9-AB4B-F135E37ECCBD}.Release|Any CPU.ActiveCfg = Release|Any CPU
		{DE8D9B5D-1297-40E9-AB4B-F135E37ECCBD}.Release|Any CPU.Build.0 = Release|Any CPU
		{084780B2-5B0C-42A4-9948-A902DFEAC8D8}.Debug|Any CPU.ActiveCfg = Debug|Any CPU
		{084780B2-5B0C-42A4-9948-A902DFEAC8D8}.Debug|Any CPU.Build.0 = Debug|Any CPU
		{084780B2-5B0C-42A4-9948-A902DFEAC8D8}.Release|Any CPU.ActiveCfg = Release|Any CPU
		{084780B2-5B0C-42A4-9948-A902DFEAC8D8}.Release|Any CPU.Build.0 = Release|Any CPU
		{F6A6D10A-C301-4F9E-82CA-6082CB2B0093}.Debug|Any CPU.ActiveCfg = Debug|Any CPU
		{F6A6D10A-C301-4F9E-82CA-6082CB2B0093}.Debug|Any CPU.Build.0 = Debug|Any CPU
		{F6A6D10A-C301-4F9E-82CA-6082CB2B0093}.Release|Any CPU.ActiveCfg = Release|Any CPU
		{F6A6D10A-C301-4F9E-82CA-6082CB2B0093}.Release|Any CPU.Build.0 = Release|Any CPU
		{F34016D8-6EC2-461E-99DA-8E2EC04C6AAE}.Debug|Any CPU.ActiveCfg = Debug|Any CPU
		{F34016D8-6EC2-461E-99DA-8E2EC04C6AAE}.Debug|Any CPU.Build.0 = Debug|Any CPU
		{F34016D8-6EC2-461E-99DA-8E2EC04C6AAE}.Release|Any CPU.ActiveCfg = Release|Any CPU
		{F34016D8-6EC2-461E-99DA-8E2EC04C6AAE}.Release|Any CPU.Build.0 = Release|Any CPU
		{8CED9E13-A81B-49BD-B4EA-FF5DF27E1176}.Debug|Any CPU.ActiveCfg = Debug|Any CPU
		{8CED9E13-A81B-49BD-B4EA-FF5DF27E1176}.Debug|Any CPU.Build.0 = Debug|Any CPU
		{8CED9E13-A81B-49BD-B4EA-FF5DF27E1176}.Release|Any CPU.ActiveCfg = Release|Any CPU
		{8CED9E13-A81B-49BD-B4EA-FF5DF27E1176}.Release|Any CPU.Build.0 = Release|Any CPU
		{9689BA65-730F-4044-9B75-7C982E7DE899}.Debug|Any CPU.ActiveCfg = Debug|Any CPU
		{9689BA65-730F-4044-9B75-7C982E7DE899}.Debug|Any CPU.Build.0 = Debug|Any CPU
		{9689BA65-730F-4044-9B75-7C982E7DE899}.Release|Any CPU.ActiveCfg = Release|Any CPU
		{9689BA65-730F-4044-9B75-7C982E7DE899}.Release|Any CPU.Build.0 = Release|Any CPU
		{376EE885-0676-4546-970F-B4C7BC0A5721}.Debug|Any CPU.ActiveCfg = Debug|Any CPU
		{376EE885-0676-4546-970F-B4C7BC0A5721}.Debug|Any CPU.Build.0 = Debug|Any CPU
		{376EE885-0676-4546-970F-B4C7BC0A5721}.Release|Any CPU.ActiveCfg = Release|Any CPU
		{376EE885-0676-4546-970F-B4C7BC0A5721}.Release|Any CPU.Build.0 = Release|Any CPU
		{40A41959-40E0-45A5-9699-033F716EA2B6}.Debug|Any CPU.ActiveCfg = Debug|Any CPU
		{40A41959-40E0-45A5-9699-033F716EA2B6}.Debug|Any CPU.Build.0 = Debug|Any CPU
		{40A41959-40E0-45A5-9699-033F716EA2B6}.Release|Any CPU.ActiveCfg = Release|Any CPU
		{40A41959-40E0-45A5-9699-033F716EA2B6}.Release|Any CPU.Build.0 = Release|Any CPU
		{1F490116-245F-4AA2-AD2D-E9B497DF6343}.Debug|Any CPU.ActiveCfg = Debug|Any CPU
		{1F490116-245F-4AA2-AD2D-E9B497DF6343}.Debug|Any CPU.Build.0 = Debug|Any CPU
		{1F490116-245F-4AA2-AD2D-E9B497DF6343}.Release|Any CPU.ActiveCfg = Release|Any CPU
		{1F490116-245F-4AA2-AD2D-E9B497DF6343}.Release|Any CPU.Build.0 = Release|Any CPU
		{BDCDFE90-5631-47D4-A4D4-6EA0010BC46D}.Debug|Any CPU.ActiveCfg = Debug|Any CPU
		{BDCDFE90-5631-47D4-A4D4-6EA0010BC46D}.Debug|Any CPU.Build.0 = Debug|Any CPU
		{BDCDFE90-5631-47D4-A4D4-6EA0010BC46D}.Release|Any CPU.ActiveCfg = Release|Any CPU
		{BDCDFE90-5631-47D4-A4D4-6EA0010BC46D}.Release|Any CPU.Build.0 = Release|Any CPU
		{89CCC724-45D3-4FCF-A508-621EC5E89804}.Debug|Any CPU.ActiveCfg = Debug|Any CPU
		{89CCC724-45D3-4FCF-A508-621EC5E89804}.Debug|Any CPU.Build.0 = Debug|Any CPU
		{89CCC724-45D3-4FCF-A508-621EC5E89804}.Release|Any CPU.ActiveCfg = Release|Any CPU
		{89CCC724-45D3-4FCF-A508-621EC5E89804}.Release|Any CPU.Build.0 = Release|Any CPU
		{6FC9DA43-CD5B-4F02-B9F0-244A9B8ECE15}.Debug|Any CPU.ActiveCfg = Debug|Any CPU
		{6FC9DA43-CD5B-4F02-B9F0-244A9B8ECE15}.Debug|Any CPU.Build.0 = Debug|Any CPU
		{6FC9DA43-CD5B-4F02-B9F0-244A9B8ECE15}.Release|Any CPU.ActiveCfg = Release|Any CPU
		{6FC9DA43-CD5B-4F02-B9F0-244A9B8ECE15}.Release|Any CPU.Build.0 = Release|Any CPU
		{52C651CE-D26B-47B0-865A-49AD1A07B568}.Debug|Any CPU.ActiveCfg = Debug|Any CPU
		{52C651CE-D26B-47B0-865A-49AD1A07B568}.Debug|Any CPU.Build.0 = Debug|Any CPU
		{52C651CE-D26B-47B0-865A-49AD1A07B568}.Release|Any CPU.ActiveCfg = Release|Any CPU
		{52C651CE-D26B-47B0-865A-49AD1A07B568}.Release|Any CPU.Build.0 = Release|Any CPU
		{22A89387-29C6-42F8-B936-EB057E805378}.Debug|Any CPU.ActiveCfg = Debug|Any CPU
		{22A89387-29C6-42F8-B936-EB057E805378}.Debug|Any CPU.Build.0 = Debug|Any CPU
		{22A89387-29C6-42F8-B936-EB057E805378}.Release|Any CPU.ActiveCfg = Release|Any CPU
		{22A89387-29C6-42F8-B936-EB057E805378}.Release|Any CPU.Build.0 = Release|Any CPU
		{4D523175-1163-4562-B63E-AD905971C477}.Debug|Any CPU.ActiveCfg = Debug|Any CPU
		{4D523175-1163-4562-B63E-AD905971C477}.Debug|Any CPU.Build.0 = Debug|Any CPU
		{4D523175-1163-4562-B63E-AD905971C477}.Release|Any CPU.ActiveCfg = Release|Any CPU
		{4D523175-1163-4562-B63E-AD905971C477}.Release|Any CPU.Build.0 = Release|Any CPU
		{697500D6-8BE7-4D37-A6D5-FAEC2E2369A0}.Debug|Any CPU.ActiveCfg = Debug|Any CPU
		{697500D6-8BE7-4D37-A6D5-FAEC2E2369A0}.Debug|Any CPU.Build.0 = Debug|Any CPU
		{697500D6-8BE7-4D37-A6D5-FAEC2E2369A0}.Release|Any CPU.ActiveCfg = Release|Any CPU
		{697500D6-8BE7-4D37-A6D5-FAEC2E2369A0}.Release|Any CPU.Build.0 = Release|Any CPU
		{EE58FBBC-E4E7-4AA1-9D24-8BC52525F753}.Debug|Any CPU.ActiveCfg = Debug|Any CPU
		{EE58FBBC-E4E7-4AA1-9D24-8BC52525F753}.Debug|Any CPU.Build.0 = Debug|Any CPU
		{EE58FBBC-E4E7-4AA1-9D24-8BC52525F753}.Release|Any CPU.ActiveCfg = Release|Any CPU
		{EE58FBBC-E4E7-4AA1-9D24-8BC52525F753}.Release|Any CPU.Build.0 = Release|Any CPU
		{F952E489-7D2D-4A73-A022-4BCCCED8616C}.Debug|Any CPU.ActiveCfg = Debug|Any CPU
		{F952E489-7D2D-4A73-A022-4BCCCED8616C}.Debug|Any CPU.Build.0 = Debug|Any CPU
		{F952E489-7D2D-4A73-A022-4BCCCED8616C}.Release|Any CPU.ActiveCfg = Release|Any CPU
		{F952E489-7D2D-4A73-A022-4BCCCED8616C}.Release|Any CPU.Build.0 = Release|Any CPU
		{5ADC9C5E-B6A9-41AF-9B48-797E419D4A41}.Debug|Any CPU.ActiveCfg = Debug|Any CPU
		{5ADC9C5E-B6A9-41AF-9B48-797E419D4A41}.Debug|Any CPU.Build.0 = Debug|Any CPU
		{5ADC9C5E-B6A9-41AF-9B48-797E419D4A41}.Release|Any CPU.ActiveCfg = Release|Any CPU
		{5ADC9C5E-B6A9-41AF-9B48-797E419D4A41}.Release|Any CPU.Build.0 = Release|Any CPU
		{3EA161E6-2AA6-4C0E-AB80-D6FE10FCD084}.Debug|Any CPU.ActiveCfg = Debug|Any CPU
		{3EA161E6-2AA6-4C0E-AB80-D6FE10FCD084}.Debug|Any CPU.Build.0 = Debug|Any CPU
		{3EA161E6-2AA6-4C0E-AB80-D6FE10FCD084}.Release|Any CPU.ActiveCfg = Release|Any CPU
		{3EA161E6-2AA6-4C0E-AB80-D6FE10FCD084}.Release|Any CPU.Build.0 = Release|Any CPU
		{A50222C7-10C6-4EE6-A8F6-50A02AF686DC}.Debug|Any CPU.ActiveCfg = Debug|Any CPU
		{A50222C7-10C6-4EE6-A8F6-50A02AF686DC}.Debug|Any CPU.Build.0 = Debug|Any CPU
		{A50222C7-10C6-4EE6-A8F6-50A02AF686DC}.Release|Any CPU.ActiveCfg = Release|Any CPU
		{A50222C7-10C6-4EE6-A8F6-50A02AF686DC}.Release|Any CPU.Build.0 = Release|Any CPU
		{3D438330-D0F0-4BF9-923D-75998087F7DA}.Debug|Any CPU.ActiveCfg = Debug|Any CPU
		{3D438330-D0F0-4BF9-923D-75998087F7DA}.Debug|Any CPU.Build.0 = Debug|Any CPU
		{3D438330-D0F0-4BF9-923D-75998087F7DA}.Release|Any CPU.ActiveCfg = Release|Any CPU
		{3D438330-D0F0-4BF9-923D-75998087F7DA}.Release|Any CPU.Build.0 = Release|Any CPU
		{56A50396-5621-47C1-B9B5-098736DE1A54}.Debug|Any CPU.ActiveCfg = Debug|Any CPU
		{56A50396-5621-47C1-B9B5-098736DE1A54}.Debug|Any CPU.Build.0 = Debug|Any CPU
		{56A50396-5621-47C1-B9B5-098736DE1A54}.Release|Any CPU.ActiveCfg = Release|Any CPU
		{56A50396-5621-47C1-B9B5-098736DE1A54}.Release|Any CPU.Build.0 = Release|Any CPU
		{CAFB060B-4D8D-41D5-865A-C60F3DB4F4F7}.Debug|Any CPU.ActiveCfg = Debug|Any CPU
		{CAFB060B-4D8D-41D5-865A-C60F3DB4F4F7}.Debug|Any CPU.Build.0 = Debug|Any CPU
		{CAFB060B-4D8D-41D5-865A-C60F3DB4F4F7}.Release|Any CPU.ActiveCfg = Release|Any CPU
		{CAFB060B-4D8D-41D5-865A-C60F3DB4F4F7}.Release|Any CPU.Build.0 = Release|Any CPU
		{C58EE35A-A029-4495-B69B-B8C5B77E89CE}.Debug|Any CPU.ActiveCfg = Debug|Any CPU
		{C58EE35A-A029-4495-B69B-B8C5B77E89CE}.Debug|Any CPU.Build.0 = Debug|Any CPU
		{C58EE35A-A029-4495-B69B-B8C5B77E89CE}.Release|Any CPU.ActiveCfg = Release|Any CPU
		{C58EE35A-A029-4495-B69B-B8C5B77E89CE}.Release|Any CPU.Build.0 = Release|Any CPU
		{1187B792-845E-4BDC-8A43-9A3EB0855E17}.Debug|Any CPU.ActiveCfg = Debug|Any CPU
		{1187B792-845E-4BDC-8A43-9A3EB0855E17}.Debug|Any CPU.Build.0 = Debug|Any CPU
		{1187B792-845E-4BDC-8A43-9A3EB0855E17}.Release|Any CPU.ActiveCfg = Release|Any CPU
		{1187B792-845E-4BDC-8A43-9A3EB0855E17}.Release|Any CPU.Build.0 = Release|Any CPU
		{23F35CB5-1220-4548-8E3B-6FA27E2A987B}.Debug|Any CPU.ActiveCfg = Debug|Any CPU
		{23F35CB5-1220-4548-8E3B-6FA27E2A987B}.Debug|Any CPU.Build.0 = Debug|Any CPU
		{23F35CB5-1220-4548-8E3B-6FA27E2A987B}.Release|Any CPU.ActiveCfg = Release|Any CPU
		{23F35CB5-1220-4548-8E3B-6FA27E2A987B}.Release|Any CPU.Build.0 = Release|Any CPU
		{D2E8167A-6BA4-4630-B56D-8ADFA6C6FFD1}.Debug|Any CPU.ActiveCfg = Debug|Any CPU
		{D2E8167A-6BA4-4630-B56D-8ADFA6C6FFD1}.Debug|Any CPU.Build.0 = Debug|Any CPU
		{D2E8167A-6BA4-4630-B56D-8ADFA6C6FFD1}.Release|Any CPU.ActiveCfg = Release|Any CPU
		{D2E8167A-6BA4-4630-B56D-8ADFA6C6FFD1}.Release|Any CPU.Build.0 = Release|Any CPU
		{F79E0774-8946-4F04-8025-8C49195C6405}.Debug|Any CPU.ActiveCfg = Debug|Any CPU
		{F79E0774-8946-4F04-8025-8C49195C6405}.Debug|Any CPU.Build.0 = Debug|Any CPU
		{F79E0774-8946-4F04-8025-8C49195C6405}.Release|Any CPU.ActiveCfg = Release|Any CPU
		{F79E0774-8946-4F04-8025-8C49195C6405}.Release|Any CPU.Build.0 = Release|Any CPU
		{9596A3FD-5455-4247-9BB8-F196D5B4827B}.Debug|Any CPU.ActiveCfg = Debug|Any CPU
		{9596A3FD-5455-4247-9BB8-F196D5B4827B}.Debug|Any CPU.Build.0 = Debug|Any CPU
		{9596A3FD-5455-4247-9BB8-F196D5B4827B}.Release|Any CPU.ActiveCfg = Release|Any CPU
		{9596A3FD-5455-4247-9BB8-F196D5B4827B}.Release|Any CPU.Build.0 = Release|Any CPU
		{43B44D98-6F31-45AD-844E-FAFD015B1E00}.Debug|Any CPU.ActiveCfg = Debug|Any CPU
		{43B44D98-6F31-45AD-844E-FAFD015B1E00}.Debug|Any CPU.Build.0 = Debug|Any CPU
		{43B44D98-6F31-45AD-844E-FAFD015B1E00}.Release|Any CPU.ActiveCfg = Release|Any CPU
		{43B44D98-6F31-45AD-844E-FAFD015B1E00}.Release|Any CPU.Build.0 = Release|Any CPU
		{94CF4B15-8C2F-440E-AAC4-5C29D1251196}.Debug|Any CPU.ActiveCfg = Debug|Any CPU
		{94CF4B15-8C2F-440E-AAC4-5C29D1251196}.Debug|Any CPU.Build.0 = Debug|Any CPU
		{94CF4B15-8C2F-440E-AAC4-5C29D1251196}.Release|Any CPU.ActiveCfg = Release|Any CPU
		{94CF4B15-8C2F-440E-AAC4-5C29D1251196}.Release|Any CPU.Build.0 = Release|Any CPU
		{A87660E5-CC40-456D-B580-A09FB67AF111}.Debug|Any CPU.ActiveCfg = Debug|Any CPU
		{A87660E5-CC40-456D-B580-A09FB67AF111}.Debug|Any CPU.Build.0 = Debug|Any CPU
		{A87660E5-CC40-456D-B580-A09FB67AF111}.Release|Any CPU.ActiveCfg = Release|Any CPU
		{A87660E5-CC40-456D-B580-A09FB67AF111}.Release|Any CPU.Build.0 = Release|Any CPU
		{7A81550E-E5C2-42DE-994D-21CB45372590}.Debug|Any CPU.ActiveCfg = Debug|Any CPU
		{7A81550E-E5C2-42DE-994D-21CB45372590}.Debug|Any CPU.Build.0 = Debug|Any CPU
		{7A81550E-E5C2-42DE-994D-21CB45372590}.Release|Any CPU.ActiveCfg = Release|Any CPU
		{7A81550E-E5C2-42DE-994D-21CB45372590}.Release|Any CPU.Build.0 = Release|Any CPU
		{3797ADD0-8365-4852-B25F-F176AC953213}.Debug|Any CPU.ActiveCfg = Debug|Any CPU
		{3797ADD0-8365-4852-B25F-F176AC953213}.Debug|Any CPU.Build.0 = Debug|Any CPU
		{3797ADD0-8365-4852-B25F-F176AC953213}.Release|Any CPU.ActiveCfg = Release|Any CPU
		{3797ADD0-8365-4852-B25F-F176AC953213}.Release|Any CPU.Build.0 = Release|Any CPU
		{2C5850A4-45CB-4BFE-996B-C6FB113337E1}.Debug|Any CPU.ActiveCfg = Debug|Any CPU
		{2C5850A4-45CB-4BFE-996B-C6FB113337E1}.Debug|Any CPU.Build.0 = Debug|Any CPU
		{2C5850A4-45CB-4BFE-996B-C6FB113337E1}.Release|Any CPU.ActiveCfg = Release|Any CPU
		{2C5850A4-45CB-4BFE-996B-C6FB113337E1}.Release|Any CPU.Build.0 = Release|Any CPU
		{991B72F6-F40C-41B7-85B5-E8D90914733B}.Debug|Any CPU.ActiveCfg = Debug|Any CPU
		{991B72F6-F40C-41B7-85B5-E8D90914733B}.Debug|Any CPU.Build.0 = Debug|Any CPU
		{991B72F6-F40C-41B7-85B5-E8D90914733B}.Debug|Any CPU.Deploy.0 = Debug|Any CPU
		{991B72F6-F40C-41B7-85B5-E8D90914733B}.Release|Any CPU.ActiveCfg = Release|Any CPU
		{991B72F6-F40C-41B7-85B5-E8D90914733B}.Release|Any CPU.Build.0 = Release|Any CPU
		{991B72F6-F40C-41B7-85B5-E8D90914733B}.Release|Any CPU.Deploy.0 = Release|Any CPU
		{6712ACD9-C1F4-476A-BF80-6C2FE3335D87}.Debug|Any CPU.ActiveCfg = Debug|Any CPU
		{6712ACD9-C1F4-476A-BF80-6C2FE3335D87}.Debug|Any CPU.Build.0 = Debug|Any CPU
		{6712ACD9-C1F4-476A-BF80-6C2FE3335D87}.Release|Any CPU.ActiveCfg = Release|Any CPU
		{6712ACD9-C1F4-476A-BF80-6C2FE3335D87}.Release|Any CPU.Build.0 = Release|Any CPU
		{9A261AC0-43BA-4129-8F6D-91DFDA37FD4D}.Debug|Any CPU.ActiveCfg = Debug|Any CPU
		{9A261AC0-43BA-4129-8F6D-91DFDA37FD4D}.Debug|Any CPU.Build.0 = Debug|Any CPU
		{9A261AC0-43BA-4129-8F6D-91DFDA37FD4D}.Release|Any CPU.ActiveCfg = Release|Any CPU
		{9A261AC0-43BA-4129-8F6D-91DFDA37FD4D}.Release|Any CPU.Build.0 = Release|Any CPU
		{4DF89CDD-E5B8-459D-88CC-91F1D6106E81}.Debug|Any CPU.ActiveCfg = Debug|Any CPU
		{4DF89CDD-E5B8-459D-88CC-91F1D6106E81}.Debug|Any CPU.Build.0 = Debug|Any CPU
		{4DF89CDD-E5B8-459D-88CC-91F1D6106E81}.Release|Any CPU.ActiveCfg = Release|Any CPU
		{4DF89CDD-E5B8-459D-88CC-91F1D6106E81}.Release|Any CPU.Build.0 = Release|Any CPU
		{E9A2E527-6ECF-486F-8637-7F5FD0BF4C12}.Debug|Any CPU.ActiveCfg = Debug|Any CPU
		{E9A2E527-6ECF-486F-8637-7F5FD0BF4C12}.Debug|Any CPU.Build.0 = Debug|Any CPU
		{E9A2E527-6ECF-486F-8637-7F5FD0BF4C12}.Release|Any CPU.ActiveCfg = Release|Any CPU
		{E9A2E527-6ECF-486F-8637-7F5FD0BF4C12}.Release|Any CPU.Build.0 = Release|Any CPU
		{A60865F7-5E7E-41BD-830B-E7B698B2A9E3}.Debug|Any CPU.ActiveCfg = Debug|Any CPU
		{A60865F7-5E7E-41BD-830B-E7B698B2A9E3}.Debug|Any CPU.Build.0 = Debug|Any CPU
		{A60865F7-5E7E-41BD-830B-E7B698B2A9E3}.Release|Any CPU.ActiveCfg = Release|Any CPU
		{A60865F7-5E7E-41BD-830B-E7B698B2A9E3}.Release|Any CPU.Build.0 = Release|Any CPU
		{008CF621-1ED2-4A94-8FEF-B5FDCA0D9E65}.Debug|Any CPU.ActiveCfg = Debug|Any CPU
		{008CF621-1ED2-4A94-8FEF-B5FDCA0D9E65}.Debug|Any CPU.Build.0 = Debug|Any CPU
		{008CF621-1ED2-4A94-8FEF-B5FDCA0D9E65}.Release|Any CPU.ActiveCfg = Release|Any CPU
		{008CF621-1ED2-4A94-8FEF-B5FDCA0D9E65}.Release|Any CPU.Build.0 = Release|Any CPU
		{AF52F98C-A297-478C-92A2-C2FF2F3C8F77}.Debug|Any CPU.ActiveCfg = Debug|Any CPU
		{AF52F98C-A297-478C-92A2-C2FF2F3C8F77}.Debug|Any CPU.Build.0 = Debug|Any CPU
		{AF52F98C-A297-478C-92A2-C2FF2F3C8F77}.Release|Any CPU.ActiveCfg = Release|Any CPU
		{AF52F98C-A297-478C-92A2-C2FF2F3C8F77}.Release|Any CPU.Build.0 = Release|Any CPU
		{FC7E9D44-02E8-44DA-81ED-3D022554CCF0}.Debug|Any CPU.ActiveCfg = Debug|Any CPU
		{FC7E9D44-02E8-44DA-81ED-3D022554CCF0}.Debug|Any CPU.Build.0 = Debug|Any CPU
		{FC7E9D44-02E8-44DA-81ED-3D022554CCF0}.Release|Any CPU.ActiveCfg = Release|Any CPU
		{FC7E9D44-02E8-44DA-81ED-3D022554CCF0}.Release|Any CPU.Build.0 = Release|Any CPU
		{4509813D-2F8E-47C1-9E13-AFF2AD8E1F59}.Debug|Any CPU.ActiveCfg = Debug|Any CPU
		{4509813D-2F8E-47C1-9E13-AFF2AD8E1F59}.Debug|Any CPU.Build.0 = Debug|Any CPU
		{4509813D-2F8E-47C1-9E13-AFF2AD8E1F59}.Release|Any CPU.ActiveCfg = Release|Any CPU
		{4509813D-2F8E-47C1-9E13-AFF2AD8E1F59}.Release|Any CPU.Build.0 = Release|Any CPU
		{B59F18FA-AE34-4619-8FD8-E690656DEEEC}.Debug|Any CPU.ActiveCfg = Debug|Any CPU
		{B59F18FA-AE34-4619-8FD8-E690656DEEEC}.Debug|Any CPU.Build.0 = Debug|Any CPU
		{B59F18FA-AE34-4619-8FD8-E690656DEEEC}.Release|Any CPU.ActiveCfg = Release|Any CPU
		{B59F18FA-AE34-4619-8FD8-E690656DEEEC}.Release|Any CPU.Build.0 = Release|Any CPU
		{46299C7D-F57D-4E8B-B7DE-141148958270}.Debug|Any CPU.ActiveCfg = Debug|Any CPU
		{46299C7D-F57D-4E8B-B7DE-141148958270}.Debug|Any CPU.Build.0 = Debug|Any CPU
		{46299C7D-F57D-4E8B-B7DE-141148958270}.Release|Any CPU.ActiveCfg = Release|Any CPU
		{46299C7D-F57D-4E8B-B7DE-141148958270}.Release|Any CPU.Build.0 = Release|Any CPU
	EndGlobalSection
	GlobalSection(SolutionProperties) = preSolution
		HideSolutionNode = FALSE
	EndGlobalSection
	GlobalSection(ExtensibilityGlobals) = postSolution
		SolutionGuid = {6210B90F-ED2A-4855-AABB-EE13098DF421}
	EndGlobalSection
EndGlobal
